// !$*UTF8*$!
{
	archiveVersion = 1;
	classes = {
	};
	objectVersion = 46;
	objects = {

/* Begin PBXBuildFile section */
		4014952A1CEACB4A006C078A /* AppDelegate.swift in Sources */ = {isa = PBXBuildFile; fileRef = 401495291CEACB4A006C078A /* AppDelegate.swift */; };
		4014952C1CEACB4A006C078A /* ViewController.swift in Sources */ = {isa = PBXBuildFile; fileRef = 4014952B1CEACB4A006C078A /* ViewController.swift */; };
		4014952F1CEACB4A006C078A /* Main.storyboard in Resources */ = {isa = PBXBuildFile; fileRef = 4014952D1CEACB4A006C078A /* Main.storyboard */; };
		401495311CEACB4A006C078A /* Assets.xcassets in Resources */ = {isa = PBXBuildFile; fileRef = 401495301CEACB4A006C078A /* Assets.xcassets */; };
		401495341CEACB4A006C078A /* LaunchScreen.storyboard in Resources */ = {isa = PBXBuildFile; fileRef = 401495321CEACB4A006C078A /* LaunchScreen.storyboard */; };
/* End PBXBuildFile section */

/* Begin PBXFileReference section */
		401495261CEACB4A006C078A /* 3CardMonte.app */ = {isa = PBXFileReference; explicitFileType = wrapper.application; includeInIndex = 0; path = 3CardMonte.app; sourceTree = BUILT_PRODUCTS_DIR; };
		401495291CEACB4A006C078A /* AppDelegate.swift */ = {isa = PBXFileReference; lastKnownFileType = sourcecode.swift; path = AppDelegate.swift; sourceTree = "<group>"; };
		4014952B1CEACB4A006C078A /* ViewController.swift */ = {isa = PBXFileReference; lastKnownFileType = sourcecode.swift; path = ViewController.swift; sourceTree = "<group>"; };
		4014952E1CEACB4A006C078A /* Base */ = {isa = PBXFileReference; lastKnownFileType = file.storyboard; name = Base; path = Base.lproj/Main.storyboard; sourceTree = "<group>"; };
		401495301CEACB4A006C078A /* Assets.xcassets */ = {isa = PBXFileReference; lastKnownFileType = folder.assetcatalog; path = Assets.xcassets; sourceTree = "<group>"; };
		401495331CEACB4A006C078A /* Base */ = {isa = PBXFileReference; lastKnownFileType = file.storyboard; name = Base; path = Base.lproj/LaunchScreen.storyboard; sourceTree = "<group>"; };
		401495351CEACB4A006C078A /* Info.plist */ = {isa = PBXFileReference; lastKnownFileType = text.plist.xml; path = Info.plist; sourceTree = "<group>"; };
/* End PBXFileReference section */

/* Begin PBXFrameworksBuildPhase section */
		401495231CEACB4A006C078A /* Frameworks */ = {
			isa = PBXFrameworksBuildPhase;
			buildActionMask = 2147483647;
			files = (
			);
			runOnlyForDeploymentPostprocessing = 0;
		};
/* End PBXFrameworksBuildPhase section */

/* Begin PBXGroup section */
		4014951D1CEACB4A006C078A = {
			isa = PBXGroup;
			children = (
				401495281CEACB4A006C078A /* 3CardMonte */,
				401495271CEACB4A006C078A /* Products */,
			);
			sourceTree = "<group>";
		};
		401495271CEACB4A006C078A /* Products */ = {
			isa = PBXGroup;
			children = (
				401495261CEACB4A006C078A /* 3CardMonte.app */,
			);
			name = Products;
			sourceTree = "<group>";
		};
		401495281CEACB4A006C078A /* 3CardMonte */ = {
			isa = PBXGroup;
			children = (
				401495291CEACB4A006C078A /* AppDelegate.swift */,
				4014952B1CEACB4A006C078A /* ViewController.swift */,
				4014952D1CEACB4A006C078A /* Main.storyboard */,
				401495301CEACB4A006C078A /* Assets.xcassets */,
				401495321CEACB4A006C078A /* LaunchScreen.storyboard */,
				401495351CEACB4A006C078A /* Info.plist */,
			);
			path = 3CardMonte;
			sourceTree = "<group>";
		};
/* End PBXGroup section */

/* Begin PBXNativeTarget section */
		401495251CEACB4A006C078A /* 3CardMonte */ = {
			isa = PBXNativeTarget;
			buildConfigurationList = 401495381CEACB4A006C078A /* Build configuration list for PBXNativeTarget "3CardMonte" */;
			buildPhases = (
				401495221CEACB4A006C078A /* Sources */,
				401495231CEACB4A006C078A /* Frameworks */,
				401495241CEACB4A006C078A /* Resources */,
			);
			buildRules = (
			);
			dependencies = (
			);
			name = 3CardMonte;
			productName = 3CardMonte;
			productReference = 401495261CEACB4A006C078A /* 3CardMonte.app */;
			productType = "com.apple.product-type.application";
		};
/* End PBXNativeTarget section */

/* Begin PBXProject section */
		4014951E1CEACB4A006C078A /* Project object */ = {
			isa = PBXProject;
			attributes = {
				LastSwiftUpdateCheck = 0730;
				LastUpgradeCheck = 0730;
				ORGANIZATIONNAME = "Emily Mearns";
				TargetAttributes = {
					401495251CEACB4A006C078A = {
						CreatedOnToolsVersion = 7.3;
					};
				};
			};
			buildConfigurationList = 401495211CEACB4A006C078A /* Build configuration list for PBXProject "3CardMonte" */;
			compatibilityVersion = "Xcode 3.2";
			developmentRegion = English;
			hasScannedForEncodings = 0;
			knownRegions = (
				en,
				Base,
			);
			mainGroup = 4014951D1CEACB4A006C078A;
			productRefGroup = 401495271CEACB4A006C078A /* Products */;
			projectDirPath = "";
			projectRoot = "";
			targets = (
				401495251CEACB4A006C078A /* 3CardMonte */,
			);
		};
/* End PBXProject section */

/* Begin PBXResourcesBuildPhase section */
		401495241CEACB4A006C078A /* Resources */ = {
			isa = PBXResourcesBuildPhase;
			buildActionMask = 2147483647;
			files = (
				401495341CEACB4A006C078A /* LaunchScreen.storyboard in Resources */,
				401495311CEACB4A006C078A /* Assets.xcassets in Resources */,
				4014952F1CEACB4A006C078A /* Main.storyboard in Resources */,
			);
			runOnlyForDeploymentPostprocessing = 0;
		};
/* End PBXResourcesBuildPhase section */

/* Begin PBXSourcesBuildPhase section */
		401495221CEACB4A006C078A /* Sources */ = {
			isa = PBXSourcesBuildPhase;
			buildActionMask = 2147483647;
			files = (
				4014952C1CEACB4A006C078A /* ViewController.swift in Sources */,
				4014952A1CEACB4A006C078A /* AppDelegate.swift in Sources */,
			);
			runOnlyForDeploymentPostprocessing = 0;
		};
/* End PBXSourcesBuildPhase section */

/* Begin PBXVariantGroup section */
		4014952D1CEACB4A006C078A /* Main.storyboard */ = {
			isa = PBXVariantGroup;
			children = (
				4014952E1CEACB4A006C078A /* Base */,
			);
			name = Main.storyboard;
			sourceTree = "<group>";
		};
		401495321CEACB4A006C078A /* LaunchScreen.storyboard */ = {
			isa = PBXVariantGroup;
			children = (
				401495331CEACB4A006C078A /* Base */,
			);
			name = LaunchScreen.storyboard;
			sourceTree = "<group>";
		};
/* End PBXVariantGroup section */

/* Begin XCBuildConfiguration section */
		401495361CEACB4A006C078A /* Debug */ = {
			isa = XCBuildConfiguration;
			buildSettings = {
				ALWAYS_SEARCH_USER_PATHS = NO;
				CLANG_ANALYZER_NONNULL = YES;
				CLANG_CXX_LANGUAGE_STANDARD = "gnu++0x";
				CLANG_CXX_LIBRARY = "libc++";
				CLANG_ENABLE_MODULES = YES;
				CLANG_ENABLE_OBJC_ARC = YES;
				CLANG_WARN_BOOL_CONVERSION = YES;
				CLANG_WARN_CONSTANT_CONVERSION = YES;
				CLANG_WARN_DIRECT_OBJC_ISA_USAGE = YES_ERROR;
				CLANG_WARN_EMPTY_BODY = YES;
				CLANG_WARN_ENUM_CONVERSION = YES;
				CLANG_WARN_INT_CONVERSION = YES;
				CLANG_WARN_OBJC_ROOT_CLASS = YES_ERROR;
				CLANG_WARN_UNREACHABLE_CODE = YES;
				CLANG_WARN__DUPLICATE_METHOD_MATCH = YES;
				"CODE_SIGN_IDENTITY[sdk=iphoneos*]" = "iPhone Developer";
				COPY_PHASE_STRIP = NO;
				DEBUG_INFORMATION_FORMAT = dwarf;
				ENABLE_STRICT_OBJC_MSGSEND = YES;
				ENABLE_TESTABILITY = YES;
				GCC_C_LANGUAGE_STANDARD = gnu99;
				GCC_DYNAMIC_NO_PIC = NO;
				GCC_NO_COMMON_BLOCKS = YES;
				GCC_OPTIMIZATION_LEVEL = 0;
				GCC_PREPROCESSOR_DEFINITIONS = (
					"DEBUG=1",
					"$(inherited)",
				);
				GCC_WARN_64_TO_32_BIT_CONVERSION = YES;
				GCC_WARN_ABOUT_RETURN_TYPE = YES_ERROR;
				GCC_WARN_UNDECLARED_SELECTOR = YES;
				GCC_WARN_UNINITIALIZED_AUTOS = YES_AGGRESSIVE;
				GCC_WARN_UNUSED_FUNCTION = YES;
				GCC_WARN_UNUSED_VARIABLE = YES;
				IPHONEOS_DEPLOYMENT_TARGET = 9.3;
				MTL_ENABLE_DEBUG_INFO = YES;
				ONLY_ACTIVE_ARCH = YES;
				SDKROOT = iphoneos;
				SWIFT_OPTIMIZATION_LEVEL = "-Onone";
				TARGETED_DEVICE_FAMILY = "1,2";
			};
			name = Debug;
		};
		401495371CEACB4A006C078A /* Release */ = {
			isa = XCBuildConfiguration;
			buildSettings = {
				ALWAYS_SEARCH_USER_PATHS = NO;
				CLANG_ANALYZER_NONNULL = YES;
				CLANG_CXX_LANGUAGE_STANDARD = "gnu++0x";
				CLANG_CXX_LIBRARY = "libc++";
				CLANG_ENABLE_MODULES = YES;
				CLANG_ENABLE_OBJC_ARC = YES;
				CLANG_WARN_BOOL_CONVERSION = YES;
				CLANG_WARN_CONSTANT_CONVERSION = YES;
				CLANG_WARN_DIRECT_OBJC_ISA_USAGE = YES_ERROR;
				CLANG_WARN_EMPTY_BODY = YES;
				CLANG_WARN_ENUM_CONVERSION = YES;
				CLANG_WARN_INT_CONVERSION = YES;
				CLANG_WARN_OBJC_ROOT_CLASS = YES_ERROR;
				CLANG_WARN_UNREACHABLE_CODE = YES;
				CLANG_WARN__DUPLICATE_METHOD_MATCH = YES;
				"CODE_SIGN_IDENTITY[sdk=iphoneos*]" = "iPhone Developer";
				COPY_PHASE_STRIP = NO;
				DEBUG_INFORMATION_FORMAT = "dwarf-with-dsym";
				ENABLE_NS_ASSERTIONS = NO;
				ENABLE_STRICT_OBJC_MSGSEND = YES;
				GCC_C_LANGUAGE_STANDARD = gnu99;
				GCC_NO_COMMON_BLOCKS = YES;
				GCC_WARN_64_TO_32_BIT_CONVERSION = YES;
				GCC_WARN_ABOUT_RETURN_TYPE = YES_ERROR;
				GCC_WARN_UNDECLARED_SELECTOR = YES;
				GCC_WARN_UNINITIALIZED_AUTOS = YES_AGGRESSIVE;
				GCC_WARN_UNUSED_FUNCTION = YES;
				GCC_WARN_UNUSED_VARIABLE = YES;
				IPHONEOS_DEPLOYMENT_TARGET = 9.3;
				MTL_ENABLE_DEBUG_INFO = NO;
				SDKROOT = iphoneos;
				TARGETED_DEVICE_FAMILY = "1,2";
				VALIDATE_PRODUCT = YES;
			};
			name = Release;
		};
		401495391CEACB4A006C078A /* Debug */ = {
			isa = XCBuildConfiguration;
			buildSettings = {
				ASSETCATALOG_COMPILER_APPICON_NAME = AppIcon;
				INFOPLIST_FILE = 3CardMonte/Info.plist;
				LD_RUNPATH_SEARCH_PATHS = "$(inherited) @executable_path/Frameworks";
				PRODUCT_BUNDLE_IDENTIFIER = "com.EM.-CardMonte";
				PRODUCT_NAME = "$(TARGET_NAME)";
			};
			name = Debug;
		};
		4014953A1CEACB4A006C078A /* Release */ = {
			isa = XCBuildConfiguration;
			buildSettings = {
				ASSETCATALOG_COMPILER_APPICON_NAME = AppIcon;
				INFOPLIST_FILE = 3CardMonte/Info.plist;
				LD_RUNPATH_SEARCH_PATHS = "$(inherited) @executable_path/Frameworks";
				PRODUCT_BUNDLE_IDENTIFIER = "com.EM.-CardMonte";
				PRODUCT_NAME = "$(TARGET_NAME)";
			};
			name = Release;
		};
/* End XCBuildConfiguration section */

/* Begin XCConfigurationList section */
		401495211CEACB4A006C078A /* Build configuration list for PBXProject "3CardMonte" */ = {
			isa = XCConfigurationList;
			buildConfigurations = (
				401495361CEACB4A006C078A /* Debug */,
				401495371CEACB4A006C078A /* Release */,
			);
			defaultConfigurationIsVisible = 0;
			defaultConfigurationName = Release;
		};
		401495381CEACB4A006C078A /* Build configuration list for PBXNativeTarget "3CardMonte" */ = {
			isa = XCConfigurationList;
			buildConfigurations = (
				401495391CEACB4A006C078A /* Debug */,
				4014953A1CEACB4A006C078A /* Release */,
			);
			defaultConfigurationIsVisible = 0;
		};
/* End XCConfigurationList section */
	};
	rootObject = 4014951E1CEACB4A006C078A /* Project object */;
}
